
Microsoft Visual Studio Solution File, Format Version 12.00
# Visual Studio Version 16
VisualStudioVersion = 16.0.29905.134
MinimumVisualStudioVersion = 10.0.40219.1
Project("{FAE04EC0-301F-11D3-BF4B-00C04F79EFBC}") = "Vitvor.HelthCare", "Vitvor.HelthCare\Vitvor.HelthCare.csproj", "{5446D51C-E6C9-4596-827A-84FB7936154A}"
EndProject
Global
	GlobalSection(SolutionConfigurationPlatforms) = preSolution
		Debug|Any CPU = Debug|Any CPU
		Release|Any CPU = Release|Any CPU
	EndGlobalSection
	GlobalSection(ProjectConfigurationPlatforms) = postSolution
		{5446D51C-E6C9-4596-827A-84FB7936154A}.Debug|Any CPU.ActiveCfg = Debug|Any CPU
		{5446D51C-E6C9-4596-827A-84FB7936154A}.Debug|Any CPU.Build.0 = Debug|Any CPU
		{5446D51C-E6C9-4596-827A-84FB7936154A}.Release|Any CPU.ActiveCfg = Release|Any CPU
		{5446D51C-E6C9-4596-827A-84FB7936154A}.Release|Any CPU.Build.0 = Release|Any CPU
	EndGlobalSection
	GlobalSection(SolutionProperties) = preSolution
		HideSolutionNode = FALSE
	EndGlobalSection
	GlobalSection(ExtensibilityGlobals) = postSolution
		SolutionGuid = {A046A805-2BBB-4CCF-9302-07DCA39A01AA}
	EndGlobalSection
EndGlobal
